
Microsoft Visual Studio Solution File, Format Version 12.00
# Visual Studio Version 17
VisualStudioVersion = 17.13.36105.23
MinimumVisualStudioVersion = 10.0.40219.1
Project("{2150E333-8FDC-42A3-9474-1A3956D46DE8}") = "Authentication", "Authentication", "{02EA681E-C7D8-13C7-8484-4AC65E1B71E8}"
EndProject
Project("{2150E333-8FDC-42A3-9474-1A3956D46DE8}") = "Score", "Score", "{C46C445F-1709-4454-8653-1E164B6BD4BF}"
EndProject
Project("{2150E333-8FDC-42A3-9474-1A3956D46DE8}") = "Room", "Room", "{8E4823BB-D865-4ED4-980D-A3047FD0D26A}"
EndProject
Project("{2150E333-8FDC-42A3-9474-1A3956D46DE8}") = "Game", "Game", "{3FCF195E-D0A7-4937-81C8-BB75510B4079}"
EndProject
Project("{FAE04EC0-301F-11D3-BF4B-00C04F79EFBC}") = "PingPong_Authentication_Application", "PingPong_Authentication_Application\PingPong_Authentication_Application.csproj", "{01185E9C-15E2-4C81-902B-A63E2A084F03}"
EndProject
Project("{FAE04EC0-301F-11D3-BF4B-00C04F79EFBC}") = "PingPong_Authentication_Api", "PingPong_Authentication_Api\PingPong_Authentication_Api.csproj", "{6D378D75-B0C5-42E9-BD5E-7C9A5D1AE716}"
EndProject
Project("{FAE04EC0-301F-11D3-BF4B-00C04F79EFBC}") = "PingPong_Authentication_Domain", "PingPong_Authentication_Domain\PingPong_Authentication_Domain.csproj", "{9658B96D-BD9B-464A-A3D0-53E696265B28}"
EndProject
Project("{FAE04EC0-301F-11D3-BF4B-00C04F79EFBC}") = "PingPong_Authentication_Infrastructure", "PingPong_Authentication_Infrastructure\PingPong_Authentication_Infrastructure.csproj", "{63700DFC-1166-40EF-94A5-7BABE166850F}"
EndProject
Project("{FAE04EC0-301F-11D3-BF4B-00C04F79EFBC}") = "PingPong_Game_Api", "PingPong_Game_Api\PingPong_Game_Api.csproj", "{BAB0909A-EF8F-4B64-9425-FE1FD4D09ECA}"
EndProject
Project("{FAE04EC0-301F-11D3-BF4B-00C04F79EFBC}") = "PingPong_Game_Domain", "PingPong_Game_Domain\PingPong_Game_Domain.csproj", "{759718D5-E8BE-4782-8A10-654819217A43}"
EndProject
Project("{FAE04EC0-301F-11D3-BF4B-00C04F79EFBC}") = "PingPong_Game_Application", "PingPong_Game_Application\PingPong_Game_Application.csproj", "{A76D882B-10C6-4DEF-AB72-253EFCA3D5D5}"
EndProject
Project("{FAE04EC0-301F-11D3-BF4B-00C04F79EFBC}") = "PingPong_Game_Infrastructure", "PingPong_Game_Infrastructure\PingPong_Game_Infrastructure.csproj", "{FBE3C603-7AB9-4D8B-B284-283DABDD2181}"
EndProject
Project("{FAE04EC0-301F-11D3-BF4B-00C04F79EFBC}") = "PingPong_Room_Api", "PingPong_Room_Api\PingPong_Room_Api.csproj", "{06125C09-8635-4B40-BD55-975F42E72243}"
EndProject
Project("{FAE04EC0-301F-11D3-BF4B-00C04F79EFBC}") = "PingPong_Room_Domain", "PingPong_Room_Domain\PingPong_Room_Domain.csproj", "{CD249604-54BB-4D64-8FD7-134F33F519BE}"
EndProject
Project("{FAE04EC0-301F-11D3-BF4B-00C04F79EFBC}") = "PingPong_Room_Infrastructure", "PingPong_Room_Infrastructure\PingPong_Room_Infrastructure.csproj", "{C7BB8838-8C12-4FA5-A3CE-2F61DDC86BDE}"
EndProject
Project("{FAE04EC0-301F-11D3-BF4B-00C04F79EFBC}") = "PingPong_Room_Application", "PingPong_Room_Application\PingPong_Room_Application.csproj", "{0EE40A67-5A74-418B-9834-CF1938E98870}"
EndProject
Project("{FAE04EC0-301F-11D3-BF4B-00C04F79EFBC}") = "PingPong_Score_Api", "PingPong_Score_Api\PingPong_Score_Api.csproj", "{1CC6C67F-91A2-4893-B678-00B9FE546868}"
EndProject
Project("{FAE04EC0-301F-11D3-BF4B-00C04F79EFBC}") = "PingPong_Score_Domain", "PingPong_Score_Domain\PingPong_Score_Domain.csproj", "{E6EC9335-27C7-4CDC-AA2F-8AE44879FB60}"
EndProject
Project("{FAE04EC0-301F-11D3-BF4B-00C04F79EFBC}") = "PingPong_Score_Application", "PingPong_Score_Application\PingPong_Score_Application.csproj", "{089793BD-C1DD-4054-9F63-916E1CD0B91A}"
EndProject
Project("{FAE04EC0-301F-11D3-BF4B-00C04F79EFBC}") = "PingPong_Score_Infrastructure", "PingPong_Score_Infrastructure\PingPong_Score_Infrastructure.csproj", "{42A2086D-5DA3-4716-9132-2AC7FF268FA6}"
EndProject
Project("{2150E333-8FDC-42A3-9474-1A3956D46DE8}") = "ApiGateway", "ApiGateway", "{E65047FA-1130-4710-9197-9DEA8C7556E3}"
EndProject
Project("{FAE04EC0-301F-11D3-BF4B-00C04F79EFBC}") = "PingPong_ApiGateway_Api", "PingPong_ApiGateway_Api\PingPong_ApiGateway_Api.csproj", "{94FFFFE0-A053-43C1-A966-AA33AB065433}"
EndProject
Project("{FAE04EC0-301F-11D3-BF4B-00C04F79EFBC}") = "PingPong_ApiGateway_Application", "PingPong_ApiGateway_Application\PingPong_ApiGateway_Application.csproj", "{EEB2686D-FB70-4FEF-95E8-A85870E4AA69}"
EndProject
Project("{FAE04EC0-301F-11D3-BF4B-00C04F79EFBC}") = "PingPong_ApiGateway_Domain", "PingPong_ApiGateway_Domain\PingPong_ApiGateway_Domain.csproj", "{75FB8A86-649C-4880-B667-B1695A974C76}"
EndProject
Project("{FAE04EC0-301F-11D3-BF4B-00C04F79EFBC}") = "PingPong_ApiGateway_Infrastructure", "PingPong_ApiGateway_Infrastructure\PingPong_ApiGateway_Infrastructure.csproj", "{B8A20E60-4393-4D86-A33E-1DC993BB3156}"
EndProject
Global
	GlobalSection(SolutionConfigurationPlatforms) = preSolution
		Debug|Any CPU = Debug|Any CPU
		Release|Any CPU = Release|Any CPU
	EndGlobalSection
	GlobalSection(ProjectConfigurationPlatforms) = postSolution
		{01185E9C-15E2-4C81-902B-A63E2A084F03}.Debug|Any CPU.ActiveCfg = Debug|Any CPU
		{01185E9C-15E2-4C81-902B-A63E2A084F03}.Debug|Any CPU.Build.0 = Debug|Any CPU
		{01185E9C-15E2-4C81-902B-A63E2A084F03}.Release|Any CPU.ActiveCfg = Release|Any CPU
		{01185E9C-15E2-4C81-902B-A63E2A084F03}.Release|Any CPU.Build.0 = Release|Any CPU
		{6D378D75-B0C5-42E9-BD5E-7C9A5D1AE716}.Debug|Any CPU.ActiveCfg = Debug|Any CPU
		{6D378D75-B0C5-42E9-BD5E-7C9A5D1AE716}.Debug|Any CPU.Build.0 = Debug|Any CPU
		{6D378D75-B0C5-42E9-BD5E-7C9A5D1AE716}.Release|Any CPU.ActiveCfg = Release|Any CPU
		{6D378D75-B0C5-42E9-BD5E-7C9A5D1AE716}.Release|Any CPU.Build.0 = Release|Any CPU
		{9658B96D-BD9B-464A-A3D0-53E696265B28}.Debug|Any CPU.ActiveCfg = Debug|Any CPU
		{9658B96D-BD9B-464A-A3D0-53E696265B28}.Debug|Any CPU.Build.0 = Debug|Any CPU
		{9658B96D-BD9B-464A-A3D0-53E696265B28}.Release|Any CPU.ActiveCfg = Release|Any CPU
		{9658B96D-BD9B-464A-A3D0-53E696265B28}.Release|Any CPU.Build.0 = Release|Any CPU
		{63700DFC-1166-40EF-94A5-7BABE166850F}.Debug|Any CPU.ActiveCfg = Debug|Any CPU
		{63700DFC-1166-40EF-94A5-7BABE166850F}.Debug|Any CPU.Build.0 = Debug|Any CPU
		{63700DFC-1166-40EF-94A5-7BABE166850F}.Release|Any CPU.ActiveCfg = Release|Any CPU
		{63700DFC-1166-40EF-94A5-7BABE166850F}.Release|Any CPU.Build.0 = Release|Any CPU
		{BAB0909A-EF8F-4B64-9425-FE1FD4D09ECA}.Debug|Any CPU.ActiveCfg = Debug|Any CPU
		{BAB0909A-EF8F-4B64-9425-FE1FD4D09ECA}.Debug|Any CPU.Build.0 = Debug|Any CPU
		{BAB0909A-EF8F-4B64-9425-FE1FD4D09ECA}.Release|Any CPU.ActiveCfg = Release|Any CPU
		{BAB0909A-EF8F-4B64-9425-FE1FD4D09ECA}.Release|Any CPU.Build.0 = Release|Any CPU
		{759718D5-E8BE-4782-8A10-654819217A43}.Debug|Any CPU.ActiveCfg = Debug|Any CPU
		{759718D5-E8BE-4782-8A10-654819217A43}.Debug|Any CPU.Build.0 = Debug|Any CPU
		{759718D5-E8BE-4782-8A10-654819217A43}.Release|Any CPU.ActiveCfg = Release|Any CPU
		{759718D5-E8BE-4782-8A10-654819217A43}.Release|Any CPU.Build.0 = Release|Any CPU
		{A76D882B-10C6-4DEF-AB72-253EFCA3D5D5}.Debug|Any CPU.ActiveCfg = Debug|Any CPU
		{A76D882B-10C6-4DEF-AB72-253EFCA3D5D5}.Debug|Any CPU.Build.0 = Debug|Any CPU
		{A76D882B-10C6-4DEF-AB72-253EFCA3D5D5}.Release|Any CPU.ActiveCfg = Release|Any CPU
		{A76D882B-10C6-4DEF-AB72-253EFCA3D5D5}.Release|Any CPU.Build.0 = Release|Any CPU
		{FBE3C603-7AB9-4D8B-B284-283DABDD2181}.Debug|Any CPU.ActiveCfg = Debug|Any CPU
		{FBE3C603-7AB9-4D8B-B284-283DABDD2181}.Debug|Any CPU.Build.0 = Debug|Any CPU
		{FBE3C603-7AB9-4D8B-B284-283DABDD2181}.Release|Any CPU.ActiveCfg = Release|Any CPU
		{FBE3C603-7AB9-4D8B-B284-283DABDD2181}.Release|Any CPU.Build.0 = Release|Any CPU
		{06125C09-8635-4B40-BD55-975F42E72243}.Debug|Any CPU.ActiveCfg = Debug|Any CPU
		{06125C09-8635-4B40-BD55-975F42E72243}.Debug|Any CPU.Build.0 = Debug|Any CPU
		{06125C09-8635-4B40-BD55-975F42E72243}.Release|Any CPU.ActiveCfg = Release|Any CPU
		{06125C09-8635-4B40-BD55-975F42E72243}.Release|Any CPU.Build.0 = Release|Any CPU
		{CD249604-54BB-4D64-8FD7-134F33F519BE}.Debug|Any CPU.ActiveCfg = Debug|Any CPU
		{CD249604-54BB-4D64-8FD7-134F33F519BE}.Debug|Any CPU.Build.0 = Debug|Any CPU
		{CD249604-54BB-4D64-8FD7-134F33F519BE}.Release|Any CPU.ActiveCfg = Release|Any CPU
		{CD249604-54BB-4D64-8FD7-134F33F519BE}.Release|Any CPU.Build.0 = Release|Any CPU
		{C7BB8838-8C12-4FA5-A3CE-2F61DDC86BDE}.Debug|Any CPU.ActiveCfg = Debug|Any CPU
		{C7BB8838-8C12-4FA5-A3CE-2F61DDC86BDE}.Debug|Any CPU.Build.0 = Debug|Any CPU
		{C7BB8838-8C12-4FA5-A3CE-2F61DDC86BDE}.Release|Any CPU.ActiveCfg = Release|Any CPU
		{C7BB8838-8C12-4FA5-A3CE-2F61DDC86BDE}.Release|Any CPU.Build.0 = Release|Any CPU
		{0EE40A67-5A74-418B-9834-CF1938E98870}.Debug|Any CPU.ActiveCfg = Debug|Any CPU
		{0EE40A67-5A74-418B-9834-CF1938E98870}.Debug|Any CPU.Build.0 = Debug|Any CPU
		{0EE40A67-5A74-418B-9834-CF1938E98870}.Release|Any CPU.ActiveCfg = Release|Any CPU
		{0EE40A67-5A74-418B-9834-CF1938E98870}.Release|Any CPU.Build.0 = Release|Any CPU
		{1CC6C67F-91A2-4893-B678-00B9FE546868}.Debug|Any CPU.ActiveCfg = Debug|Any CPU
		{1CC6C67F-91A2-4893-B678-00B9FE546868}.Debug|Any CPU.Build.0 = Debug|Any CPU
		{1CC6C67F-91A2-4893-B678-00B9FE546868}.Release|Any CPU.ActiveCfg = Release|Any CPU
		{1CC6C67F-91A2-4893-B678-00B9FE546868}.Release|Any CPU.Build.0 = Release|Any CPU
		{E6EC9335-27C7-4CDC-AA2F-8AE44879FB60}.Debug|Any CPU.ActiveCfg = Debug|Any CPU
		{E6EC9335-27C7-4CDC-AA2F-8AE44879FB60}.Debug|Any CPU.Build.0 = Debug|Any CPU
		{E6EC9335-27C7-4CDC-AA2F-8AE44879FB60}.Release|Any CPU.ActiveCfg = Release|Any CPU
		{E6EC9335-27C7-4CDC-AA2F-8AE44879FB60}.Release|Any CPU.Build.0 = Release|Any CPU
		{089793BD-C1DD-4054-9F63-916E1CD0B91A}.Debug|Any CPU.ActiveCfg = Debug|Any CPU
		{089793BD-C1DD-4054-9F63-916E1CD0B91A}.Debug|Any CPU.Build.0 = Debug|Any CPU
		{089793BD-C1DD-4054-9F63-916E1CD0B91A}.Release|Any CPU.ActiveCfg = Release|Any CPU
		{089793BD-C1DD-4054-9F63-916E1CD0B91A}.Release|Any CPU.Build.0 = Release|Any CPU
		{42A2086D-5DA3-4716-9132-2AC7FF268FA6}.Debug|Any CPU.ActiveCfg = Debug|Any CPU
		{42A2086D-5DA3-4716-9132-2AC7FF268FA6}.Debug|Any CPU.Build.0 = Debug|Any CPU
		{42A2086D-5DA3-4716-9132-2AC7FF268FA6}.Release|Any CPU.ActiveCfg = Release|Any CPU
		{42A2086D-5DA3-4716-9132-2AC7FF268FA6}.Release|Any CPU.Build.0 = Release|Any CPU
		{94FFFFE0-A053-43C1-A966-AA33AB065433}.Debug|Any CPU.ActiveCfg = Debug|Any CPU
		{94FFFFE0-A053-43C1-A966-AA33AB065433}.Debug|Any CPU.Build.0 = Debug|Any CPU
		{94FFFFE0-A053-43C1-A966-AA33AB065433}.Release|Any CPU.ActiveCfg = Release|Any CPU
		{94FFFFE0-A053-43C1-A966-AA33AB065433}.Release|Any CPU.Build.0 = Release|Any CPU
		{EEB2686D-FB70-4FEF-95E8-A85870E4AA69}.Debug|Any CPU.ActiveCfg = Debug|Any CPU
		{EEB2686D-FB70-4FEF-95E8-A85870E4AA69}.Debug|Any CPU.Build.0 = Debug|Any CPU
		{EEB2686D-FB70-4FEF-95E8-A85870E4AA69}.Release|Any CPU.ActiveCfg = Release|Any CPU
		{EEB2686D-FB70-4FEF-95E8-A85870E4AA69}.Release|Any CPU.Build.0 = Release|Any CPU
		{75FB8A86-649C-4880-B667-B1695A974C76}.Debug|Any CPU.ActiveCfg = Debug|Any CPU
		{75FB8A86-649C-4880-B667-B1695A974C76}.Debug|Any CPU.Build.0 = Debug|Any CPU
		{75FB8A86-649C-4880-B667-B1695A974C76}.Release|Any CPU.ActiveCfg = Release|Any CPU
		{75FB8A86-649C-4880-B667-B1695A974C76}.Release|Any CPU.Build.0 = Release|Any CPU
		{B8A20E60-4393-4D86-A33E-1DC993BB3156}.Debug|Any CPU.ActiveCfg = Debug|Any CPU
		{B8A20E60-4393-4D86-A33E-1DC993BB3156}.Debug|Any CPU.Build.0 = Debug|Any CPU
		{B8A20E60-4393-4D86-A33E-1DC993BB3156}.Release|Any CPU.ActiveCfg = Release|Any CPU
		{B8A20E60-4393-4D86-A33E-1DC993BB3156}.Release|Any CPU.Build.0 = Release|Any CPU
	EndGlobalSection
	GlobalSection(SolutionProperties) = preSolution
		HideSolutionNode = FALSE
	EndGlobalSection
	GlobalSection(NestedProjects) = preSolution
		{01185E9C-15E2-4C81-902B-A63E2A084F03} = {02EA681E-C7D8-13C7-8484-4AC65E1B71E8}
		{6D378D75-B0C5-42E9-BD5E-7C9A5D1AE716} = {02EA681E-C7D8-13C7-8484-4AC65E1B71E8}
		{9658B96D-BD9B-464A-A3D0-53E696265B28} = {02EA681E-C7D8-13C7-8484-4AC65E1B71E8}
		{63700DFC-1166-40EF-94A5-7BABE166850F} = {02EA681E-C7D8-13C7-8484-4AC65E1B71E8}
		{BAB0909A-EF8F-4B64-9425-FE1FD4D09ECA} = {3FCF195E-D0A7-4937-81C8-BB75510B4079}
		{759718D5-E8BE-4782-8A10-654819217A43} = {3FCF195E-D0A7-4937-81C8-BB75510B4079}
		{A76D882B-10C6-4DEF-AB72-253EFCA3D5D5} = {3FCF195E-D0A7-4937-81C8-BB75510B4079}
		{FBE3C603-7AB9-4D8B-B284-283DABDD2181} = {3FCF195E-D0A7-4937-81C8-BB75510B4079}
		{06125C09-8635-4B40-BD55-975F42E72243} = {8E4823BB-D865-4ED4-980D-A3047FD0D26A}
		{CD249604-54BB-4D64-8FD7-134F33F519BE} = {8E4823BB-D865-4ED4-980D-A3047FD0D26A}
		{C7BB8838-8C12-4FA5-A3CE-2F61DDC86BDE} = {8E4823BB-D865-4ED4-980D-A3047FD0D26A}
		{0EE40A67-5A74-418B-9834-CF1938E98870} = {8E4823BB-D865-4ED4-980D-A3047FD0D26A}
		{1CC6C67F-91A2-4893-B678-00B9FE546868} = {C46C445F-1709-4454-8653-1E164B6BD4BF}
		{E6EC9335-27C7-4CDC-AA2F-8AE44879FB60} = {C46C445F-1709-4454-8653-1E164B6BD4BF}
		{089793BD-C1DD-4054-9F63-916E1CD0B91A} = {C46C445F-1709-4454-8653-1E164B6BD4BF}
		{42A2086D-5DA3-4716-9132-2AC7FF268FA6} = {C46C445F-1709-4454-8653-1E164B6BD4BF}
		{94FFFFE0-A053-43C1-A966-AA33AB065433} = {E65047FA-1130-4710-9197-9DEA8C7556E3}
		{EEB2686D-FB70-4FEF-95E8-A85870E4AA69} = {E65047FA-1130-4710-9197-9DEA8C7556E3}
		{75FB8A86-649C-4880-B667-B1695A974C76} = {E65047FA-1130-4710-9197-9DEA8C7556E3}
		{B8A20E60-4393-4D86-A33E-1DC993BB3156} = {E65047FA-1130-4710-9197-9DEA8C7556E3}
	EndGlobalSection
	GlobalSection(ExtensibilityGlobals) = postSolution
		SolutionGuid = {CCE38C69-19F1-414C-A558-E2DC712B7835}
	EndGlobalSection
EndGlobal
